
Microsoft Visual Studio Solution File, Format Version 12.00
Project("{FAE04EC0-301F-11D3-BF4B-00C04F79EFBC}") = "BankingApp", "BankingApp\BankingApp.csproj", "{4374B294-765F-4A6B-A523-15021BBE5D84}"
EndProject
Global
	GlobalSection(SolutionConfigurationPlatforms) = preSolution
		Debug|Any CPU = Debug|Any CPU
		Release|Any CPU = Release|Any CPU
	EndGlobalSection
	GlobalSection(ProjectConfigurationPlatforms) = postSolution
		{4374B294-765F-4A6B-A523-15021BBE5D84}.Debug|Any CPU.ActiveCfg = Debug|Any CPU
		{4374B294-765F-4A6B-A523-15021BBE5D84}.Debug|Any CPU.Build.0 = Debug|Any CPU
		{4374B294-765F-4A6B-A523-15021BBE5D84}.Release|Any CPU.ActiveCfg = Release|Any CPU
		{4374B294-765F-4A6B-A523-15021BBE5D84}.Release|Any CPU.Build.0 = Release|Any CPU
	EndGlobalSection
EndGlobal
